Microsoft Visual Studio Solution File, Format Version 12.00
# Visual Studio Version 17
VisualStudioVersion = 17.0.31903.59
MinimumVisualStudioVersion = 10.0.40219.1
Project("{FAE04EC0-301F-11D3-BF4B-00C04F79EFBC}") = "Jornada.Ensaio", "src\Jornada.Ensaio\Jornada.Ensaio.csproj", "{E7A3C2D1-4B55-4A77-9C8E-0D1F2A3B4C5D}"
EndProject
Project("{FAE04EC0-301F-11D3-BF4B-00C04F79EFBC}") = "Jornada.Linkage.SyntheticCorpus", "src\Jornada.Linkage.SyntheticCorpus\Jornada.Linkage.SyntheticCorpus.csproj", "{9C7C87B0-4F3F-4E58-B8D8-2764A70B4160}"
EndProject
Global
	GlobalSection(SolutionConfigurationPlatforms) = preSolution
		Debug|Any CPU = Debug|Any CPU
		Release|Any CPU = Release|Any CPU
	EndGlobalSection
	GlobalSection(ProjectConfigurationPlatforms) = postSolution
		{E7A3C2D1-4B55-4A77-9C8E-0D1F2A3B4C5D}.Debug|Any CPU.ActiveCfg = Debug|Any CPU
		{E7A3C2D1-4B55-4A77-9C8E-0D1F2A3B4C5D}.Debug|Any CPU.Build.0 = Debug|Any CPU
		{E7A3C2D1-4B55-4A77-9C8E-0D1F2A3B4C5D}.Release|Any CPU.ActiveCfg = Release|Any CPU
		{E7A3C2D1-4B55-4A77-9C8E-0D1F2A3B4C5D}.Release|Any CPU.Build.0 = Release|Any CPU
		{9C7C87B0-4F3F-4E58-B8D8-2764A70B4160}.Debug|Any CPU.ActiveCfg = Debug|Any CPU
		{9C7C87B0-4F3F-4E58-B8D8-2764A70B4160}.Debug|Any CPU.Build.0 = Debug|Any CPU
		{9C7C87B0-4F3F-4E58-B8D8-2764A70B4160}.Release|Any CPU.ActiveCfg = Release|Any CPU
		{9C7C87B0-4F3F-4E58-B8D8-2764A70B4160}.Release|Any CPU.Build.0 = Release|Any CPU
	EndGlobalSection
	GlobalSection(SolutionProperties) = preSolution
		HideSolutionNode = FALSE
	EndGlobalSection
EndGlobal
