Microsoft Visual Studio Solution File, Format Version 12.00
# Visual Studio Version 17
VisualStudioVersion = 17.0.31903.59
MinimumVisualStudioVersion = 10.0.40219.1
Project("{FAE04EC0-301F-11D3-BF4B-00C04F79EFBC}") = "Jornada.Tests", "tests\Jornada.Tests\Jornada.Tests.csproj", "{DB56A333-2FB1-5F26-9A03-DC7B88987D3C}"
EndProject
Project("{FAE04EC0-301F-11D3-BF4B-00C04F79EFBC}") = "Jornada.Integration.Tests", "tests\Jornada.Integration.Tests\Jornada.Integration.Tests.csproj", "{39ABF14F-7B65-5090-82BE-079AA6EAA783}"
EndProject
Global
	GlobalSection(SolutionConfigurationPlatforms) = preSolution
		Debug|Any CPU = Debug|Any CPU
		Release|Any CPU = Release|Any CPU
	EndGlobalSection
	GlobalSection(ProjectConfigurationPlatforms) = postSolution
		{DB56A333-2FB1-5F26-9A03-DC7B88987D3C}.Debug|Any CPU.ActiveCfg = Debug|Any CPU
		{DB56A333-2FB1-5F26-9A03-DC7B88987D3C}.Debug|Any CPU.Build.0 = Debug|Any CPU
		{DB56A333-2FB1-5F26-9A03-DC7B88987D3C}.Release|Any CPU.ActiveCfg = Release|Any CPU
		{DB56A333-2FB1-5F26-9A03-DC7B88987D3C}.Release|Any CPU.Build.0 = Release|Any CPU
		{39ABF14F-7B65-5090-82BE-079AA6EAA783}.Debug|Any CPU.ActiveCfg = Debug|Any CPU
		{39ABF14F-7B65-5090-82BE-079AA6EAA783}.Debug|Any CPU.Build.0 = Debug|Any CPU
		{39ABF14F-7B65-5090-82BE-079AA6EAA783}.Release|Any CPU.ActiveCfg = Release|Any CPU
		{39ABF14F-7B65-5090-82BE-079AA6EAA783}.Release|Any CPU.Build.0 = Release|Any CPU
	EndGlobalSection
	GlobalSection(SolutionProperties) = preSolution
		HideSolutionNode = FALSE
	EndGlobalSection
EndGlobal
